<?xml version="1.0" encoding="UTF-8" standalone="yes" ?>
<CodeBlocks_project_file>
	<FileVersion major="1" minor="6" />
	<Project>
		<Option title="CharServer" />
		<Option pch_mode="2" />
		<Option compiler="gcc" />
		<Option virtualFolders="Common\Headers\;Common\Source\;" />
		<Build>
			<Target title="Release">
				<Option output="CharServer" prefix_auto="1" extension_auto="1" />
				<Option type="1" />
				<Option compiler="gcc" />
				<Option use_console_runner="0" />
			</Target>
			<Target title="Debug">
				<Option output="DBG-CharServer" prefix_auto="1" extension_auto="1" />
				<Option type="1" />
				<Option compiler="gcc" />
				<Compiler>
					<Add option="-g" />
				</Compiler>
			</Target>
		</Build>
		<Compiler>
			<Add directory='&quot;C:/Program Files (x86)/CodeBlocks/plugins/include&quot;' />
			<Add directory="../3rdParty" />
		</Compiler>
		<Linker>
			<Add option="-lpthreadGC2" />
			<Add library="mysql" />
			<Add library="pthreadGC" />
			<Add library="ws2_32" />
			<Add directory="../3rdParty" />
			<Add directory="../3rdParty/mysql/lib" />
			<Add directory="../3rdParty/pthreads/lib/x86" />
		</Linker>
		<Unit filename="../Char Server/charclient.cpp" />
		<Unit filename="../Char Server/charpackets.cpp" />
		<Unit filename="../Char Server/charserver.cpp" />
		<Unit filename="../Char Server/charserver.h" />
		<Unit filename="../Char Server/clan.cpp" />
		<Unit filename="../Char Server/community.cpp" />
		<Unit filename="../Char Server/datatypes.h" />
		<Unit filename="../Char Server/extrafunctions.cpp" />
		<Unit filename="../Char Server/main.cpp" />
		<Unit filename="../Char Server/resources.rc">
			<Option compilerVar="WINDRES" />
		</Unit>
		<Unit filename="../Common/SocketBase.cpp">
			<Option virtualFolder="Common/Source/" />
		</Unit>
		<Unit filename="../Common/SocketClient.cpp">
			<Option virtualFolder="Common/Source/" />
		</Unit>
		<Unit filename="../Common/SocketServer.cpp">
			<Option virtualFolder="Common/Source/" />
		</Unit>
		<Unit filename="../Common/config.cpp">
			<Option virtualFolder="Common/Source/" />
		</Unit>
		<Unit filename="../Common/config.h">
			<Option virtualFolder="Common/Headers/" />
		</Unit>
		<Unit filename="../Common/database/database.cpp" />
		<Unit filename="../Common/database/database.h">
			<Option virtualFolder="Common/Headers/" />
		</Unit>
		<Unit filename="../Common/globals.cpp">
			<Option virtualFolder="Common/Source/" />
		</Unit>
		<Unit filename="../Common/log.cpp">
			<Option virtualFolder="Common/Source/" />
		</Unit>
		<Unit filename="../Common/log.h">
			<Option virtualFolder="Common/Headers/" />
		</Unit>
		<Unit filename="../Common/rosecrypt.cpp">
			<Option virtualFolder="Common/Source/" />
		</Unit>
		<Unit filename="../Common/rosecrypt.hpp">
			<Option virtualFolder="Common/Headers/" />
		</Unit>
		<Unit filename="../Common/sockets.h">
			<Option virtualFolder="Common/Headers/" />
		</Unit>
		<Extensions>
			<code_completion />
			<debugger />
			<envvars />
		</Extensions>
	</Project>
</CodeBlocks_project_file>
